version = 1
revision = 1
requires-python = ">=3.10"

[[package]]
name = "coolease2-0"
version = "0.1.0"
source = { virtual = "." }
dependencies = [
    { name = "hid" },
]

[package.metadata]
requires-dist = [{ name = "hid", specifier = ">=1.0.7" }]

[[package]]
name = "hid"
version = "1.0.7"
source = { registry = "https://pypi.org/simple" }
sdist = { url = "https://files.pythonhosted.org/packages/d3/9c/6f33de7dbf6f9054ebf312c01b3440040526fb133f3e7de2b5fe81184163/hid-1.0.7.tar.gz", hash = "sha256:3f809e292ab52c4435ad1442c8ef205be4c9ca4eeb80fb47c7d98e0c75527b2a", size = 4897 }
wheels = [
    { url = "https://files.pythonhosted.org/packages/85/00/e830f0ecfe43bbc7f30509fb7cd97945a4a23eab8b8afdcd0865c417a18e/hid-1.0.7-py3-none-any.whl", hash = "sha256:8a4f1b081202599018564c4fbc4805d9b97b9c2495f2be177a1ed9600940436d", size = 4887 },
]
