#MicroXplorer Configuration settings - do not modify
Mcu.Family=STM32L0
RCC.MSI_VALUE=2097000
ProjectManager.MainLocation=Src
PC15-OSC32_OUT.Mode=LSE-External-Oscillator
PA6.Mode=Full_Duplex_Master
RCC.USART1Freq_Value=2097000
ProjectManager.ProjectFileName=CubeMX.ioc
USART2.IPParameters=VirtualMode-Asynchronous
PA7.Mode=Full_Duplex_Master
ProjectManager.KeepUserCode=true
Mcu.UserName=STM32L051C8Tx
Mcu.PinsNb=13
SPI1.VirtualType=VM_MASTER
ProjectManager.NoMain=false
SPI1.IPParameters=VirtualType,Mode,Direction,CalculateBaudRate
RCC.LPUARTFreq_Value=2097000
RCC.PLLCLKFreq_Value=24000000
ProjectManager.functionlistsort=
RCC.RTCFreq_Value=37000
ProjectManager.DefaultFWLocation=true
RCC.USART2Freq_Value=2097000
NVIC.SVC_IRQn=true\:0\:0\:false\:false\:true\:false\:false
ProjectManager.DeletePrevious=true
USART1.IPParameters=VirtualMode-Asynchronous
PB14.Locked=true
PC14-OSC32_IN.Signal=RCC_OSC32_IN
PB13.Signal=I2C2_SCL
PinOutPanel.RotationAngle=0
RCC.FamilyName=M
ProjectManager.StackSize=0x400
RCC.WatchDogFreq_Value=37000
USART1.VirtualMode-Asynchronous=VM_ASYNC
PA3.Mode=Asynchronous
Mcu.IP4=SPI1
RCC.HSI16_VALUE=16000000
Mcu.IP5=SYS
Mcu.IP2=NVIC
Mcu.IP3=RCC
Mcu.IP0=ADC
Mcu.IP1=I2C2
PC15-OSC32_OUT.Locked=true
Mcu.UserConstants=
ProjectManager.TargetToolchain=EWARM V8.32
Mcu.ThirdPartyNb=0
SPI1.Direction=SPI_DIRECTION_2LINES
Mcu.IPNb=8
ProjectManager.PreviousToolchain=
RCC.APB2TimFreq_Value=2097000
PB6.Signal=USART1_TX
PB6.Mode=Asynchronous
SPI1.CalculateBaudRate=1.0485 MBits/s
Mcu.Pin6=PA6
Mcu.Pin7=PA7
Mcu.Pin8=PB13
Mcu.Pin9=PB14
PC15-OSC32_OUT.Signal=RCC_OSC32_OUT
RCC.AHBFreq_Value=2097000
PB13.Locked=true
Mcu.Pin0=PC14-OSC32_IN
Mcu.Pin1=PC15-OSC32_OUT
GPIO.groupedBy=
Mcu.Pin2=PA0
Mcu.Pin3=PA2
Mcu.Pin4=PA3
Mcu.Pin5=PA5
PB14.Signal=I2C2_SDA
PA5.Signal=SPI1_SCK
ProjectManager.ProjectBuild=false
RCC.HSE_VALUE=8000000
board=custom
USART2.VirtualMode-Asynchronous=VM_ASYNC
RCC.VCOOutputFreq_Value=48000000
NVIC.SysTick_IRQn=true\:0\:0\:false\:false\:true\:false\:true
ProjectManager.LastFirmware=false
ProjectManager.FirmwarePackage=STM32Cube FW_L0 V1.11.2
MxDb.Version=DB.5.0.60
RCC.APB2Freq_Value=2097000
ProjectManager.BackupPrevious=false
MxCube.Version=5.6.0
PC14-OSC32_IN.Mode=LSE-External-Oscillator
RCC.I2C1Freq_Value=2097000
SPI1.Mode=SPI_MODE_MASTER
PB14.Mode=I2C
File.Version=6
PA0.Mode=IN0
VP_SYS_VS_Systick.Mode=SysTick
PB7.Signal=USART1_RX
NVIC.NonMaskableInt_IRQn=true\:0\:0\:false\:false\:true\:false\:false
PB6.Locked=true
NVIC.PendSV_IRQn=true\:0\:0\:false\:false\:true\:false\:false
ProjectManager.FreePins=false
RCC.IPParameters=AHBFreq_Value,APB1Freq_Value,APB1TimFreq_Value,APB2Freq_Value,APB2TimFreq_Value,FamilyName,HSE_VALUE,HSI16_VALUE,HSI_VALUE,I2C1Freq_Value,LPTIMFreq_Value,LPUARTFreq_Value,LSI_VALUE,MSI_VALUE,PLLCLKFreq_Value,PWRFreq_Value,RTCFreq_Value,RTCHSEDivFreq_Value,SYSCLKFreq_VALUE,TIMFreq_Value,USART1Freq_Value,USART2Freq_Value,VCOOutputFreq_Value,WatchDogFreq_Value
ProjectManager.AskForMigrate=true
Mcu.Name=STM32L051C(6-8)Tx
ProjectManager.HalAssertFull=false
RCC.RTCHSEDivFreq_Value=4000000
PA2.Signal=USART2_TX
ProjectManager.ProjectName=CubeMX
ProjectManager.UnderRoot=false
PA0.Signal=ADC_IN0
Mcu.IP6=USART1
Mcu.IP7=USART2
ProjectManager.CoupleFile=false
RCC.SYSCLKFreq_VALUE=2097000
Mcu.Package=LQFP48
PA6.Signal=SPI1_MISO
PA5.Locked=true
PA7.Locked=true
NVIC.ForceEnableDMAVector=true
KeepUserPlacement=false
ProjectManager.CompilerOptimize=6
ProjectManager.ToolChainLocation=
RCC.LSI_VALUE=37000
VP_SYS_VS_Systick.Signal=SYS_VS_Systick
PB7.Mode=Asynchronous
ProjectManager.HeapSize=0x200
NVIC.HardFault_IRQn=true\:0\:0\:false\:false\:true\:false\:false
ProjectManager.ComputerToolchain=false
RCC.HSI_VALUE=16000000
Mcu.Pin11=PB7
Mcu.Pin12=VP_SYS_VS_Systick
Mcu.Pin10=PB6
PB7.Locked=true
RCC.APB1TimFreq_Value=2097000
PA2.Mode=Asynchronous
RCC.PWRFreq_Value=2097000
PB13.Mode=I2C
RCC.APB1Freq_Value=2097000
ProjectManager.CustomerFirmwarePackage=
ProjectManager.DeviceId=STM32L051C8Tx
PC14-OSC32_IN.Locked=true
ProjectManager.LibraryCopy=0
RCC.LPTIMFreq_Value=2097000
PA3.Signal=USART2_RX
PA5.Mode=Full_Duplex_Master
PA7.Signal=SPI1_MOSI
RCC.TIMFreq_Value=2097000
PA6.Locked=true
