#MicroXplorer Configuration settings - do not modify
Mcu.Family=STM32L0
RCC.MSI_VALUE=2097000
ProjectManager.MainLocation=Src
PC15-OSC32_OUT.Mode=LSE-External-Oscillator
RCC.USART1Freq_Value=2097000
ProjectManager.ProjectFileName=CubeMX.ioc
USART2.IPParameters=VirtualMode-Asynchronous
ProjectManager.KeepUserCode=true
Mcu.UserName=STM32L051C8Tx
Mcu.PinsNb=14
SPI1.VirtualType=VM_MASTER
PB10.Mode=I2C
ProjectManager.NoMain=false
SPI1.IPParameters=VirtualType,Mode,Direction,CalculateBaudRate
RCC.LPUARTFreq_Value=2097000
RCC.PLLCLKFreq_Value=24000000
ProjectManager.functionlistsort=1-MX_GPIO_Init-GPIO-false-HAL-true,2-SystemClock_Config-RCC-false-HAL-false,3-MX_ADC_Init-ADC-false-HAL-true,4-MX_I2C2_Init-I2C2-false-HAL-true,5-MX_SPI1_Init-SPI1-false-HAL-true,6-MX_USART1_UART_Init-USART1-false-HAL-true,7-MX_USART2_UART_Init-USART2-false-HAL-true
PA11.Mode=Full_Duplex_Master
RCC.RTCFreq_Value=37000
ProjectManager.DefaultFWLocation=true
RCC.USART2Freq_Value=2097000
NVIC.SVC_IRQn=true\:0\:0\:false\:false\:true\:false\:false
ProjectManager.DeletePrevious=true
USART1.IPParameters=VirtualMode-Asynchronous
PC14-OSC32_IN.Signal=RCC_OSC32_IN
PB11.Signal=I2C2_SDA
PinOutPanel.RotationAngle=0
RCC.FamilyName=M
ProjectManager.StackSize=0x400
RCC.WatchDogFreq_Value=37000
USART1.VirtualMode-Asynchronous=VM_ASYNC
PA3.Mode=Asynchronous
Mcu.IP4=SPI1
RCC.HSI16_VALUE=16000000
Mcu.IP5=SYS
Mcu.IP2=NVIC
Mcu.IP3=RCC
Mcu.IP0=ADC
PA11.Locked=true
PA12.Locked=true
Mcu.IP1=I2C2
PA12.Signal=SPI1_MOSI
PC15-OSC32_OUT.Locked=true
Mcu.UserConstants=
PB11.Mode=I2C
ProjectManager.TargetToolchain=EWARM V8.32
Mcu.ThirdPartyNb=0
SPI1.Direction=SPI_DIRECTION_2LINES
Mcu.IPNb=9
TIM2.IPParameters=Prescaler,Period
ProjectManager.PreviousToolchain=
RCC.APB2TimFreq_Value=2097000
PB6.Signal=USART1_TX
PB6.Mode=Asynchronous
SPI1.CalculateBaudRate=1.0485 MBits/s
Mcu.Pin6=PB11
Mcu.Pin7=PA11
VP_TIM2_VS_ClockSourceINT.Signal=TIM2_VS_ClockSourceINT
Mcu.Pin8=PA12
Mcu.Pin9=PB3
PC15-OSC32_OUT.Signal=RCC_OSC32_OUT
RCC.AHBFreq_Value=2097000
Mcu.Pin0=PC14-OSC32_IN
Mcu.Pin1=PC15-OSC32_OUT
GPIO.groupedBy=
Mcu.Pin2=PA0
PB10.Signal=I2C2_SCL
Mcu.Pin3=PA2
Mcu.Pin4=PA3
Mcu.Pin5=PB10
ProjectManager.ProjectBuild=false
RCC.HSE_VALUE=8000000
PB3.Mode=Full_Duplex_Master
board=custom
USART2.VirtualMode-Asynchronous=VM_ASYNC
RCC.VCOOutputFreq_Value=48000000
NVIC.SysTick_IRQn=true\:0\:0\:false\:false\:true\:false\:true
ProjectManager.LastFirmware=false
ProjectManager.FirmwarePackage=STM32Cube FW_L0 V1.11.2
MxDb.Version=DB.5.0.60
RCC.APB2Freq_Value=2097000
ProjectManager.BackupPrevious=false
MxCube.Version=5.6.0
PC14-OSC32_IN.Mode=LSE-External-Oscillator
VP_TIM2_VS_ClockSourceINT.Mode=Internal
RCC.I2C1Freq_Value=2097000
SPI1.Mode=SPI_MODE_MASTER
File.Version=6
PA0.Mode=IN0
VP_SYS_VS_Systick.Mode=SysTick
PB7.Signal=USART1_RX
NVIC.NonMaskableInt_IRQn=true\:0\:0\:false\:false\:true\:false\:false
PB6.Locked=true
NVIC.PendSV_IRQn=true\:0\:0\:false\:false\:true\:false\:false
TIM2.Period=0xFFFF
ProjectManager.FreePins=false
RCC.IPParameters=AHBFreq_Value,APB1Freq_Value,APB1TimFreq_Value,APB2Freq_Value,APB2TimFreq_Value,FamilyName,HSE_VALUE,HSI16_VALUE,HSI_VALUE,I2C1Freq_Value,LPTIMFreq_Value,LPUARTFreq_Value,LSI_VALUE,MSI_VALUE,PLLCLKFreq_Value,PWRFreq_Value,RTCFreq_Value,RTCHSEDivFreq_Value,SYSCLKFreq_VALUE,TIMFreq_Value,USART1Freq_Value,USART2Freq_Value,VCOOutputFreq_Value,WatchDogFreq_Value
ProjectManager.AskForMigrate=true
Mcu.Name=STM32L051C(6-8)Tx
ProjectManager.HalAssertFull=false
RCC.RTCHSEDivFreq_Value=4000000
PA2.Signal=USART2_TX
ProjectManager.ProjectName=CubeMX
ProjectManager.UnderRoot=false
PA0.Signal=ADC_IN0
Mcu.IP8=USART2
Mcu.IP6=TIM2
Mcu.IP7=USART1
ProjectManager.CoupleFile=false
PB3.Signal=SPI1_SCK
RCC.SYSCLKFreq_VALUE=2097000
Mcu.Package=LQFP48
TIM2.Prescaler=2097
PA12.Mode=Full_Duplex_Master
NVIC.ForceEnableDMAVector=true
KeepUserPlacement=false
ProjectManager.CompilerOptimize=6
ProjectManager.ToolChainLocation=
RCC.LSI_VALUE=37000
VP_SYS_VS_Systick.Signal=SYS_VS_Systick
PB7.Mode=Asynchronous
PA11.Signal=SPI1_MISO
ProjectManager.HeapSize=0x200
NVIC.HardFault_IRQn=true\:0\:0\:false\:false\:true\:false\:false
Mcu.Pin13=VP_TIM2_VS_ClockSourceINT
ProjectManager.ComputerToolchain=false
RCC.HSI_VALUE=16000000
Mcu.Pin11=PB7
Mcu.Pin12=VP_SYS_VS_Systick
Mcu.Pin10=PB6
PB7.Locked=true
RCC.APB1TimFreq_Value=2097000
PA2.Mode=Asynchronous
RCC.PWRFreq_Value=2097000
RCC.APB1Freq_Value=2097000
ProjectManager.CustomerFirmwarePackage=
ProjectManager.DeviceId=STM32L051C8Tx
PC14-OSC32_IN.Locked=true
ProjectManager.LibraryCopy=0
RCC.LPTIMFreq_Value=2097000
PB3.Locked=true
PA3.Signal=USART2_RX
RCC.TIMFreq_Value=2097000
